{
  "nodes": {
    "mozillapkgs": {
      "flake": false,
      "locked": {
        "lastModified": 1603906276,
        "narHash": "sha256-RsNPnEKd7BcogwkqhaV5kI/HuNC4flH/OQCC/4W5y/8=",
        "owner": "mozilla",
        "repo": "nixpkgs-mozilla",
        "rev": "8c007b60731c07dd7a052cce508de3bb1ae849b4",
        "type": "github"
      },
      "original": {
        "owner": "mozilla",
        "repo": "nixpkgs-mozilla",
        "type": "github"
      }
    },
    "naersk": {
      "inputs": {
        "nixpkgs": "nixpkgs"
      },
      "locked": {
        "lastModified": 1610977739,
        "narHash": "sha256-W+uzJ49g/koyX30g/24OVehw5iG54klR0pFwFLuuzHw=",
        "owner": "nmattia",
        "repo": "naersk",
        "rev": "79a613f3b5b6ca73eb25d02051192b8aeddfdb53",
        "type": "github"
      },
      "original": {
        "owner": "nmattia",
        "repo": "naersk",
        "type": "github"
      }
    },
    "nixpkgs": {
      "locked": {
        "lastModified": 1611504133,
        "narHash": "sha256-w2LaiKQq7LfhlpwWgg+cOExZ/C+yQ12rtPA4tJ1ARTY=",
        "owner": "NixOS",
        "repo": "nixpkgs",
        "rev": "5a9bf795e12f51b6adccad83d4aad7f53add9af8",
        "type": "github"
      },
      "original": {
        "id": "nixpkgs",
        "type": "indirect"
      }
    },
    "nixpkgs_2": {
      "locked": {
        "lastModified": 1611504133,
        "narHash": "sha256-w2LaiKQq7LfhlpwWgg+cOExZ/C+yQ12rtPA4tJ1ARTY=",
        "owner": "NixOS",
        "repo": "nixpkgs",
        "rev": "5a9bf795e12f51b6adccad83d4aad7f53add9af8",
        "type": "github"
      },
      "original": {
        "id": "nixpkgs",
        "type": "indirect"
      }
    },
    "root": {
      "inputs": {
        "mozillapkgs": "mozillapkgs",
        "naersk": "naersk",
        "nixpkgs": "nixpkgs_2",
        "utils": "utils"
      }
    },
    "utils": {
      "locked": {
        "lastModified": 1610051610,
        "narHash": "sha256-U9rPz/usA1/Aohhk7Cmc2gBrEEKRzcW4nwPWMPwja4Y=",
        "owner": "numtide",
        "repo": "flake-utils",
        "rev": "3982c9903e93927c2164caa727cd3f6a0e6d14cc",
        "type": "github"
      },
      "original": {
        "owner": "numtide",
        "repo": "flake-utils",
        "type": "github"
      }
    }
  },
  "root": "root",
  "version": 7
}
